
Microsoft Visual Studio Solution File, Format Version 12.00
# Visual Studio Version 17
VisualStudioVersion = 17.3.32901.215
MinimumVisualStudioVersion = 10.0.40219.1
Project("{FAE04EC0-301F-11D3-BF4B-00C04F79EFBC}") = "Exercicio_POO_17_Product_Heranca_Polimorfismo", "Exercicio_POO_17_Product_Heranca_Polimorfismo.csproj", "{5E17AA52-0D8F-430B-B7A7-056EAC8EA940}"
EndProject
Global
	GlobalSection(SolutionConfigurationPlatforms) = preSolution
		Debug|Any CPU = Debug|Any CPU
		Release|Any CPU = Release|Any CPU
	EndGlobalSection
	GlobalSection(ProjectConfigurationPlatforms) = postSolution
		{5E17AA52-0D8F-430B-B7A7-056EAC8EA940}.Debug|Any CPU.ActiveCfg = Debug|Any CPU
		{5E17AA52-0D8F-430B-B7A7-056EAC8EA940}.Debug|Any CPU.Build.0 = Debug|Any CPU
		{5E17AA52-0D8F-430B-B7A7-056EAC8EA940}.Release|Any CPU.ActiveCfg = Release|Any CPU
		{5E17AA52-0D8F-430B-B7A7-056EAC8EA940}.Release|Any CPU.Build.0 = Release|Any CPU
	EndGlobalSection
	GlobalSection(SolutionProperties) = preSolution
		HideSolutionNode = FALSE
	EndGlobalSection
	GlobalSection(ExtensibilityGlobals) = postSolution
		SolutionGuid = {A57CC08E-2ADA-42FA-A83E-A6FA3854FED4}
	EndGlobalSection
EndGlobal
